// !$*UTF8*$!
{
	archiveVersion = 1;
	classes = {
	};
	objectVersion = 77;
	objects = {

/* Begin PBXBuildFile section */
		B80782AC2DB6D35C00B5DF37 /* SwiftfulLoadingIndicators in Frameworks */ = {isa = PBXBuildFile; productRef = B80782AB2DB6D35C00B5DF37 /* SwiftfulLoadingIndicators */; };
/* End PBXBuildFile section */

/* Begin PBXContainerItemProxy section */
		B833E67B2DAB2B6D006E472B /* PBXContainerItemProxy */ = {
			isa = PBXContainerItemProxy;
			containerPortal = B833E6622DAB2B6C006E472B /* Project object */;
			proxyType = 1;
			remoteGlobalIDString = B833E6692DAB2B6C006E472B;
			remoteInfo = "ConverterApp-iOS";
		};
		B833E6852DAB2B6D006E472B /* PBXContainerItemProxy */ = {
			isa = PBXContainerItemProxy;
			containerPortal = B833E6622DAB2B6C006E472B /* Project object */;
			proxyType = 1;
			remoteGlobalIDString = B833E6692DAB2B6C006E472B;
			remoteInfo = "ConverterApp-iOS";
		};
/* End PBXContainerItemProxy section */

/* Begin PBXFileReference section */
		B833E66A2DAB2B6C006E472B /* ConverterApp-iOS.app */ = {isa = PBXFileReference; explicitFileType = wrapper.application; includeInIndex = 0; path = "ConverterApp-iOS.app"; sourceTree = BUILT_PRODUCTS_DIR; };
		B833E67A2DAB2B6D006E472B /* ConverterApp-iOSTests.xctest */ = {isa = PBXFileReference; explicitFileType = wrapper.cfbundle; includeInIndex = 0; path = "ConverterApp-iOSTests.xctest"; sourceTree = BUILT_PRODUCTS_DIR; };
		B833E6842DAB2B6D006E472B /* ConverterApp-iOSUITests.xctest */ = {isa = PBXFileReference; explicitFileType = wrapper.cfbundle; includeInIndex = 0; path = "ConverterApp-iOSUITests.xctest"; sourceTree = BUILT_PRODUCTS_DIR; };
/* End PBXFileReference section */

/* Begin PBXFileSystemSynchronizedRootGroup section */
		B833E66C2DAB2B6C006E472B /* ConverterApp-iOS */ = {
			isa = PBXFileSystemSynchronizedRootGroup;
			path = "ConverterApp-iOS";
			sourceTree = "<group>";
		};
		B833E67D2DAB2B6D006E472B /* ConverterApp-iOSTests */ = {
			isa = PBXFileSystemSynchronizedRootGroup;
			path = "ConverterApp-iOSTests";
			sourceTree = "<group>";
		};
		B833E6872DAB2B6D006E472B /* ConverterApp-iOSUITests */ = {
			isa = PBXFileSystemSynchronizedRootGroup;
			path = "ConverterApp-iOSUITests";
			sourceTree = "<group>";
		};
/* End PBXFileSystemSynchronizedRootGroup section */

/* Begin PBXFrameworksBuildPhase section */
		B833E6672DAB2B6C006E472B /* Frameworks */ = {
			isa = PBXFrameworksBuildPhase;
			buildActionMask = 2147483647;
			files = (
				B80782AC2DB6D35C00B5DF37 /* SwiftfulLoadingIndicators in Frameworks */,
			);
			runOnlyForDeploymentPostprocessing = 0;
		};
		B833E6772DAB2B6D006E472B /* Frameworks */ = {
			isa = PBXFrameworksBuildPhase;
			buildActionMask = 2147483647;
			files = (
			);
			runOnlyForDeploymentPostprocessing = 0;
		};
		B833E6812DAB2B6D006E472B /* Frameworks */ = {
			isa = PBXFrameworksBuildPhase;
			buildActionMask = 2147483647;
			files = (
			);
			runOnlyForDeploymentPostprocessing = 0;
		};
/* End PBXFrameworksBuildPhase section */

/* Begin PBXGroup section */
		B833E6612DAB2B6C006E472B = {
			isa = PBXGroup;
			children = (
				B833E66C2DAB2B6C006E472B /* ConverterApp-iOS */,
				B833E67D2DAB2B6D006E472B /* ConverterApp-iOSTests */,
				B833E6872DAB2B6D006E472B /* ConverterApp-iOSUITests */,
				B833E66B2DAB2B6C006E472B /* Products */,
			);
			sourceTree = "<group>";
		};
		B833E66B2DAB2B6C006E472B /* Products */ = {
			isa = PBXGroup;
			children = (
				B833E66A2DAB2B6C006E472B /* ConverterApp-iOS.app */,
				B833E67A2DAB2B6D006E472B /* ConverterApp-iOSTests.xctest */,
				B833E6842DAB2B6D006E472B /* ConverterApp-iOSUITests.xctest */,
			);
			name = Products;
			sourceTree = "<group>";
		};
/* End PBXGroup section */

/* Begin PBXNativeTarget section */
		B833E6692DAB2B6C006E472B /* ConverterApp-iOS */ = {
			isa = PBXNativeTarget;
			buildConfigurationList = B833E68E2DAB2B6D006E472B /* Build configuration list for PBXNativeTarget "ConverterApp-iOS" */;
			buildPhases = (
				B833E6662DAB2B6C006E472B /* Sources */,
				B833E6672DAB2B6C006E472B /* Frameworks */,
				B833E6682DAB2B6C006E472B /* Resources */,
			);
			buildRules = (
			);
			dependencies = (
			);
			fileSystemSynchronizedGroups = (
				B833E66C2DAB2B6C006E472B /* ConverterApp-iOS */,
			);
			name = "ConverterApp-iOS";
			packageProductDependencies = (
				B80782AB2DB6D35C00B5DF37 /* SwiftfulLoadingIndicators */,
			);
			productName = "ConverterApp-iOS";
			productReference = B833E66A2DAB2B6C006E472B /* ConverterApp-iOS.app */;
			productType = "com.apple.product-type.application";
		};
		B833E6792DAB2B6D006E472B /* ConverterApp-iOSTests */ = {
			isa = PBXNativeTarget;
			buildConfigurationList = B833E6912DAB2B6D006E472B /* Build configuration list for PBXNativeTarget "ConverterApp-iOSTests" */;
			buildPhases = (
				B833E6762DAB2B6D006E472B /* Sources */,
				B833E6772DAB2B6D006E472B /* Frameworks */,
				B833E6782DAB2B6D006E472B /* Resources */,
			);
			buildRules = (
			);
			dependencies = (
				B833E67C2DAB2B6D006E472B /* PBXTargetDependency */,
			);
			fileSystemSynchronizedGroups = (
				B833E67D2DAB2B6D006E472B /* ConverterApp-iOSTests */,
			);
			name = "ConverterApp-iOSTests";
			packageProductDependencies = (
			);
			productName = "ConverterApp-iOSTests";
			productReference = B833E67A2DAB2B6D006E472B /* ConverterApp-iOSTests.xctest */;
			productType = "com.apple.product-type.bundle.unit-test";
		};
		B833E6832DAB2B6D006E472B /* ConverterApp-iOSUITests */ = {
			isa = PBXNativeTarget;
			buildConfigurationList = B833E6942DAB2B6D006E472B /* Build configuration list for PBXNativeTarget "ConverterApp-iOSUITests" */;
			buildPhases = (
				B833E6802DAB2B6D006E472B /* Sources */,
				B833E6812DAB2B6D006E472B /* Frameworks */,
				B833E6822DAB2B6D006E472B /* Resources */,
			);
			buildRules = (
			);
			dependencies = (
				B833E6862DAB2B6D006E472B /* PBXTargetDependency */,
			);
			fileSystemSynchronizedGroups = (
				B833E6872DAB2B6D006E472B /* ConverterApp-iOSUITests */,
			);
			name = "ConverterApp-iOSUITests";
			packageProductDependencies = (
			);
			productName = "ConverterApp-iOSUITests";
			productReference = B833E6842DAB2B6D006E472B /* ConverterApp-iOSUITests.xctest */;
			productType = "com.apple.product-type.bundle.ui-testing";
		};
/* End PBXNativeTarget section */

/* Begin PBXProject section */
		B833E6622DAB2B6C006E472B /* Project object */ = {
			isa = PBXProject;
			attributes = {
				BuildIndependentTargetsInParallel = 1;
				LastSwiftUpdateCheck = 1610;
				LastUpgradeCheck = 1610;
				TargetAttributes = {
					B833E6692DAB2B6C006E472B = {
						CreatedOnToolsVersion = 16.1;
					};
					B833E6792DAB2B6D006E472B = {
						CreatedOnToolsVersion = 16.1;
						TestTargetID = B833E6692DAB2B6C006E472B;
					};
					B833E6832DAB2B6D006E472B = {
						CreatedOnToolsVersion = 16.1;
						TestTargetID = B833E6692DAB2B6C006E472B;
					};
				};
			};
			buildConfigurationList = B833E6652DAB2B6C006E472B /* Build configuration list for PBXProject "ConverterApp-iOS" */;
			developmentRegion = en;
			hasScannedForEncodings = 0;
			knownRegions = (
				en,
				Base,
			);
			mainGroup = B833E6612DAB2B6C006E472B;
			minimizedProjectReferenceProxies = 1;
			packageReferences = (
				B80782AA2DB6D35C00B5DF37 /* XCRemoteSwiftPackageReference "SwiftfulLoadingIndicators" */,
			);
			preferredProjectObjectVersion = 77;
			productRefGroup = B833E66B2DAB2B6C006E472B /* Products */;
			projectDirPath = "";
			projectRoot = "";
			targets = (
				B833E6692DAB2B6C006E472B /* ConverterApp-iOS */,
				B833E6792DAB2B6D006E472B /* ConverterApp-iOSTests */,
				B833E6832DAB2B6D006E472B /* ConverterApp-iOSUITests */,
			);
		};
/* End PBXProject section */

/* Begin PBXResourcesBuildPhase section */
		B833E6682DAB2B6C006E472B /* Resources */ = {
			isa = PBXResourcesBuildPhase;
			buildActionMask = 2147483647;
			files = (
			);
			runOnlyForDeploymentPostprocessing = 0;
		};
		B833E6782DAB2B6D006E472B /* Resources */ = {
			isa = PBXResourcesBuildPhase;
			buildActionMask = 2147483647;
			files = (
			);
			runOnlyForDeploymentPostprocessing = 0;
		};
		B833E6822DAB2B6D006E472B /* Resources */ = {
			isa = PBXResourcesBuildPhase;
			buildActionMask = 2147483647;
			files = (
			);
			runOnlyForDeploymentPostprocessing = 0;
		};
/* End PBXResourcesBuildPhase section */

/* Begin PBXSourcesBuildPhase section */
		B833E6662DAB2B6C006E472B /* Sources */ = {
			isa = PBXSourcesBuildPhase;
			buildActionMask = 2147483647;
			files = (
			);
			runOnlyForDeploymentPostprocessing = 0;
		};
		B833E6762DAB2B6D006E472B /* Sources */ = {
			isa = PBXSourcesBuildPhase;
			buildActionMask = 2147483647;
			files = (
			);
			runOnlyForDeploymentPostprocessing = 0;
		};
		B833E6802DAB2B6D006E472B /* Sources */ = {
			isa = PBXSourcesBuildPhase;
			buildActionMask = 2147483647;
			files = (
			);
			runOnlyForDeploymentPostprocessing = 0;
		};
/* End PBXSourcesBuildPhase section */

/* Begin PBXTargetDependency section */
		B833E67C2DAB2B6D006E472B /* PBXTargetDependency */ = {
			isa = PBXTargetDependency;
			target = B833E6692DAB2B6C006E472B /* ConverterApp-iOS */;
			targetProxy = B833E67B2DAB2B6D006E472B /* PBXContainerItemProxy */;
		};
		B833E6862DAB2B6D006E472B /* PBXTargetDependency */ = {
			isa = PBXTargetDependency;
			target = B833E6692DAB2B6C006E472B /* ConverterApp-iOS */;
			targetProxy = B833E6852DAB2B6D006E472B /* PBXContainerItemProxy */;
		};
/* End PBXTargetDependency section */

/* Begin XCBuildConfiguration section */
		B833E68C2DAB2B6D006E472B /* Debug */ = {
			isa = XCBuildConfiguration;
			buildSettings = {
				ALWAYS_SEARCH_USER_PATHS = NO;
				ASSETCATALOG_COMPILER_GENERATE_SWIFT_ASSET_SYMBOL_EXTENSIONS = YES;
				CLANG_ANALYZER_NONNULL = YES;
				CLANG_ANALYZER_NUMBER_OBJECT_CONVERSION = YES_AGGRESSIVE;
				CLANG_CXX_LANGUAGE_STANDARD = "gnu++20";
				CLANG_ENABLE_MODULES = YES;
				CLANG_ENABLE_OBJC_ARC = YES;
				CLANG_ENABLE_OBJC_WEAK = YES;
				CLANG_WARN_BLOCK_CAPTURE_AUTORELEASING = YES;
				CLANG_WARN_BOOL_CONVERSION = YES;
				CLANG_WARN_COMMA = YES;
				CLANG_WARN_CONSTANT_CONVERSION = YES;
				CLANG_WARN_DEPRECATED_OBJC_IMPLEMENTATIONS = YES;
				CLANG_WARN_DIRECT_OBJC_ISA_USAGE = YES_ERROR;
				CLANG_WARN_DOCUMENTATION_COMMENTS = YES;
				CLANG_WARN_EMPTY_BODY = YES;
				CLANG_WARN_ENUM_CONVERSION = YES;
				CLANG_WARN_INFINITE_RECURSION = YES;
				CLANG_WARN_INT_CONVERSION = YES;
				CLANG_WARN_NON_LITERAL_NULL_CONVERSION = YES;
				CLANG_WARN_OBJC_IMPLICIT_RETAIN_SELF = YES;
				CLANG_WARN_OBJC_LITERAL_CONVERSION = YES;
				CLANG_WARN_OBJC_ROOT_CLASS = YES_ERROR;
				CLANG_WARN_QUOTED_INCLUDE_IN_FRAMEWORK_HEADER = YES;
				CLANG_WARN_RANGE_LOOP_ANALYSIS = YES;
				CLANG_WARN_STRICT_PROTOTYPES = YES;
				CLANG_WARN_SUSPICIOUS_MOVE = YES;
				CLANG_WARN_UNGUARDED_AVAILABILITY = YES_AGGRESSIVE;
				CLANG_WARN_UNREACHABLE_CODE = YES;
				CLANG_WARN__DUPLICATE_METHOD_MATCH = YES;
				COPY_PHASE_STRIP = NO;
				DEBUG_INFORMATION_FORMAT = dwarf;
				ENABLE_STRICT_OBJC_MSGSEND = YES;
				ENABLE_TESTABILITY = YES;
				ENABLE_USER_SCRIPT_SANDBOXING = YES;
				GCC_C_LANGUAGE_STANDARD = gnu17;
				GCC_DYNAMIC_NO_PIC = NO;
				GCC_NO_COMMON_BLOCKS = YES;
				GCC_OPTIMIZATION_LEVEL = 0;
				GCC_PREPROCESSOR_DEFINITIONS = (
					"DEBUG=1",
					"$(inherited)",
				);
				GCC_WARN_64_TO_32_BIT_CONVERSION = YES;
				GCC_WARN_ABOUT_RETURN_TYPE = YES_ERROR;
				GCC_WARN_UNDECLARED_SELECTOR = YES;
				GCC_WARN_UNINITIALIZED_AUTOS = YES_AGGRESSIVE;
				GCC_WARN_UNUSED_FUNCTION = YES;
				GCC_WARN_UNUSED_VARIABLE = YES;
				IPHONEOS_DEPLOYMENT_TARGET = 18.1;
				LOCALIZATION_PREFERS_STRING_CATALOGS = YES;
				MTL_ENABLE_DEBUG_INFO = INCLUDE_SOURCE;
				MTL_FAST_MATH = YES;
				ONLY_ACTIVE_ARCH = YES;
				SDKROOT = iphoneos;
				SWIFT_ACTIVE_COMPILATION_CONDITIONS = "DEBUG $(inherited)";
				SWIFT_OPTIMIZATION_LEVEL = "-Onone";
			};
			name = Debug;
		};
		B833E68D2DAB2B6D006E472B /* Release */ = {
			isa = XCBuildConfiguration;
			buildSettings = {
				ALWAYS_SEARCH_USER_PATHS = NO;
				ASSETCATALOG_COMPILER_GENERATE_SWIFT_ASSET_SYMBOL_EXTENSIONS = YES;
				CLANG_ANALYZER_NONNULL = YES;
				CLANG_ANALYZER_NUMBER_OBJECT_CONVERSION = YES_AGGRESSIVE;
				CLANG_CXX_LANGUAGE_STANDARD = "gnu++20";
				CLANG_ENABLE_MODULES = YES;
				CLANG_ENABLE_OBJC_ARC = YES;
				CLANG_ENABLE_OBJC_WEAK = YES;
				CLANG_WARN_BLOCK_CAPTURE_AUTORELEASING = YES;
				CLANG_WARN_BOOL_CONVERSION = YES;
				CLANG_WARN_COMMA = YES;
				CLANG_WARN_CONSTANT_CONVERSION = YES;
				CLANG_WARN_DEPRECATED_OBJC_IMPLEMENTATIONS = YES;
				CLANG_WARN_DIRECT_OBJC_ISA_USAGE = YES_ERROR;
				CLANG_WARN_DOCUMENTATION_COMMENTS = YES;
				CLANG_WARN_EMPTY_BODY = YES;
				CLANG_WARN_ENUM_CONVERSION = YES;
				CLANG_WARN_INFINITE_RECURSION = YES;
				CLANG_WARN_INT_CONVERSION = YES;
				CLANG_WARN_NON_LITERAL_NULL_CONVERSION = YES;
				CLANG_WARN_OBJC_IMPLICIT_RETAIN_SELF = YES;
				CLANG_WARN_OBJC_LITERAL_CONVERSION = YES;
				CLANG_WARN_OBJC_ROOT_CLASS = YES_ERROR;
				CLANG_WARN_QUOTED_INCLUDE_IN_FRAMEWORK_HEADER = YES;
				CLANG_WARN_RANGE_LOOP_ANALYSIS = YES;
				CLANG_WARN_STRICT_PROTOTYPES = YES;
				CLANG_WARN_SUSPICIOUS_MOVE = YES;
				CLANG_WARN_UNGUARDED_AVAILABILITY = YES_AGGRESSIVE;
				CLANG_WARN_UNREACHABLE_CODE = YES;
				CLANG_WARN__DUPLICATE_METHOD_MATCH = YES;
				COPY_PHASE_STRIP = NO;
				DEBUG_INFORMATION_FORMAT = "dwarf-with-dsym";
				ENABLE_NS_ASSERTIONS = NO;
				ENABLE_STRICT_OBJC_MSGSEND = YES;
				ENABLE_USER_SCRIPT_SANDBOXING = YES;
				GCC_C_LANGUAGE_STANDARD = gnu17;
				GCC_NO_COMMON_BLOCKS = YES;
				GCC_WARN_64_TO_32_BIT_CONVERSION = YES;
				GCC_WARN_ABOUT_RETURN_TYPE = YES_ERROR;
				GCC_WARN_UNDECLARED_SELECTOR = YES;
				GCC_WARN_UNINITIALIZED_AUTOS = YES_AGGRESSIVE;
				GCC_WARN_UNUSED_FUNCTION = YES;
				GCC_WARN_UNUSED_VARIABLE = YES;
				IPHONEOS_DEPLOYMENT_TARGET = 18.1;
				LOCALIZATION_PREFERS_STRING_CATALOGS = YES;
				MTL_ENABLE_DEBUG_INFO = NO;
				MTL_FAST_MATH = YES;
				SDKROOT = iphoneos;
				SWIFT_COMPILATION_MODE = wholemodule;
				VALIDATE_PRODUCT = YES;
			};
			name = Release;
		};
		B833E68F2DAB2B6D006E472B /* Debug */ = {
			isa = XCBuildConfiguration;
			buildSettings = {
				ASSETCATALOG_COMPILER_APPICON_NAME = AppIcon;
				ASSETCATALOG_COMPILER_GLOBAL_ACCENT_COLOR_NAME = AccentColor;
				CODE_SIGN_STYLE = Automatic;
				CURRENT_PROJECT_VERSION = 1;
				DEVELOPMENT_ASSET_PATHS = "\"ConverterApp-iOS/Preview Content\"";
				ENABLE_PREVIEWS = YES;
				GENERATE_INFOPLIST_FILE = YES;
				INFOPLIST_KEY_UIApplicationSceneManifest_Generation = YES;
				INFOPLIST_KEY_UIApplicationSupportsIndirectInputEvents = YES;
				INFOPLIST_KEY_UILaunchScreen_Generation = YES;
				INFOPLIST_KEY_UISupportedInterfaceOrientations_iPad = "UIInterfaceOrientationPortrait UIInterfaceOrientationPortraitUpsideDown UIInterfaceOrientationLandscapeLeft UIInterfaceOrientationLandscapeRight";
				INFOPLIST_KEY_UISupportedInterfaceOrientations_iPhone = "UIInterfaceOrientationPortrait UIInterfaceOrientationLandscapeLeft UIInterfaceOrientationLandscapeRight";
				LD_RUNPATH_SEARCH_PATHS = (
					"$(inherited)",
					"@executable_path/Frameworks",
				);
				MARKETING_VERSION = 1.0;
				PRODUCT_BUNDLE_IDENTIFIER = "Me.ConverterApp-iOS";
				PRODUCT_NAME = "$(TARGET_NAME)";
				SWIFT_EMIT_LOC_STRINGS = YES;
				SWIFT_VERSION = 5.0;
				TARGETED_DEVICE_FAMILY = "1,2";
			};
			name = Debug;
		};
		B833E6902DAB2B6D006E472B /* Release */ = {
			isa = XCBuildConfiguration;
			buildSettings = {
				ASSETCATALOG_COMPILER_APPICON_NAME = AppIcon;
				ASSETCATALOG_COMPILER_GLOBAL_ACCENT_COLOR_NAME = AccentColor;
				CODE_SIGN_STYLE = Automatic;
				CURRENT_PROJECT_VERSION = 1;
				DEVELOPMENT_ASSET_PATHS = "\"ConverterApp-iOS/Preview Content\"";
				ENABLE_PREVIEWS = YES;
				GENERATE_INFOPLIST_FILE = YES;
				INFOPLIST_KEY_UIApplicationSceneManifest_Generation = YES;
				INFOPLIST_KEY_UIApplicationSupportsIndirectInputEvents = YES;
				INFOPLIST_KEY_UILaunchScreen_Generation = YES;
				INFOPLIST_KEY_UISupportedInterfaceOrientations_iPad = "UIInterfaceOrientationPortrait UIInterfaceOrientationPortraitUpsideDown UIInterfaceOrientationLandscapeLeft UIInterfaceOrientationLandscapeRight";
				INFOPLIST_KEY_UISupportedInterfaceOrientations_iPhone = "UIInterfaceOrientationPortrait UIInterfaceOrientationLandscapeLeft UIInterfaceOrientationLandscapeRight";
				LD_RUNPATH_SEARCH_PATHS = (
					"$(inherited)",
					"@executable_path/Frameworks",
				);
				MARKETING_VERSION = 1.0;
				PRODUCT_BUNDLE_IDENTIFIER = "Me.ConverterApp-iOS";
				PRODUCT_NAME = "$(TARGET_NAME)";
				SWIFT_EMIT_LOC_STRINGS = YES;
				SWIFT_VERSION = 5.0;
				TARGETED_DEVICE_FAMILY = "1,2";
			};
			name = Release;
		};
		B833E6922DAB2B6D006E472B /* Debug */ = {
			isa = XCBuildConfiguration;
			buildSettings = {
				BUNDLE_LOADER = "$(TEST_HOST)";
				CODE_SIGN_STYLE = Automatic;
				CURRENT_PROJECT_VERSION = 1;
				GENERATE_INFOPLIST_FILE = YES;
				IPHONEOS_DEPLOYMENT_TARGET = 18.1;
				MARKETING_VERSION = 1.0;
				PRODUCT_BUNDLE_IDENTIFIER = "Me.ConverterApp-iOSTests";
				PRODUCT_NAME = "$(TARGET_NAME)";
				SWIFT_EMIT_LOC_STRINGS = NO;
				SWIFT_VERSION = 5.0;
				TARGETED_DEVICE_FAMILY = "1,2";
				TEST_HOST = "$(BUILT_PRODUCTS_DIR)/ConverterApp-iOS.app/$(BUNDLE_EXECUTABLE_FOLDER_PATH)/ConverterApp-iOS";
			};
			name = Debug;
		};
		B833E6932DAB2B6D006E472B /* Release */ = {
			isa = XCBuildConfiguration;
			buildSettings = {
				BUNDLE_LOADER = "$(TEST_HOST)";
				CODE_SIGN_STYLE = Automatic;
				CURRENT_PROJECT_VERSION = 1;
				GENERATE_INFOPLIST_FILE = YES;
				IPHONEOS_DEPLOYMENT_TARGET = 18.1;
				MARKETING_VERSION = 1.0;
				PRODUCT_BUNDLE_IDENTIFIER = "Me.ConverterApp-iOSTests";
				PRODUCT_NAME = "$(TARGET_NAME)";
				SWIFT_EMIT_LOC_STRINGS = NO;
				SWIFT_VERSION = 5.0;
				TARGETED_DEVICE_FAMILY = "1,2";
				TEST_HOST = "$(BUILT_PRODUCTS_DIR)/ConverterApp-iOS.app/$(BUNDLE_EXECUTABLE_FOLDER_PATH)/ConverterApp-iOS";
			};
			name = Release;
		};
		B833E6952DAB2B6D006E472B /* Debug */ = {
			isa = XCBuildConfiguration;
			buildSettings = {
				CODE_SIGN_STYLE = Automatic;
				CURRENT_PROJECT_VERSION = 1;
				GENERATE_INFOPLIST_FILE = YES;
				MARKETING_VERSION = 1.0;
				PRODUCT_BUNDLE_IDENTIFIER = "Me.ConverterApp-iOSUITests";
				PRODUCT_NAME = "$(TARGET_NAME)";
				SWIFT_EMIT_LOC_STRINGS = NO;
				SWIFT_VERSION = 5.0;
				TARGETED_DEVICE_FAMILY = "1,2";
				TEST_TARGET_NAME = "ConverterApp-iOS";
			};
			name = Debug;
		};
		B833E6962DAB2B6D006E472B /* Release */ = {
			isa = XCBuildConfiguration;
			buildSettings = {
				CODE_SIGN_STYLE = Automatic;
				CURRENT_PROJECT_VERSION = 1;
				GENERATE_INFOPLIST_FILE = YES;
				MARKETING_VERSION = 1.0;
				PRODUCT_BUNDLE_IDENTIFIER = "Me.ConverterApp-iOSUITests";
				PRODUCT_NAME = "$(TARGET_NAME)";
				SWIFT_EMIT_LOC_STRINGS = NO;
				SWIFT_VERSION = 5.0;
				TARGETED_DEVICE_FAMILY = "1,2";
				TEST_TARGET_NAME = "ConverterApp-iOS";
			};
			name = Release;
		};
/* End XCBuildConfiguration section */

/* Begin XCConfigurationList section */
		B833E6652DAB2B6C006E472B /* Build configuration list for PBXProject "ConverterApp-iOS" */ = {
			isa = XCConfigurationList;
			buildConfigurations = (
				B833E68C2DAB2B6D006E472B /* Debug */,
				B833E68D2DAB2B6D006E472B /* Release */,
			);
			defaultConfigurationIsVisible = 0;
			defaultConfigurationName = Release;
		};
		B833E68E2DAB2B6D006E472B /* Build configuration list for PBXNativeTarget "ConverterApp-iOS" */ = {
			isa = XCConfigurationList;
			buildConfigurations = (
				B833E68F2DAB2B6D006E472B /* Debug */,
				B833E6902DAB2B6D006E472B /* Release */,
			);
			defaultConfigurationIsVisible = 0;
			defaultConfigurationName = Release;
		};
		B833E6912DAB2B6D006E472B /* Build configuration list for PBXNativeTarget "ConverterApp-iOSTests" */ = {
			isa = XCConfigurationList;
			buildConfigurations = (
				B833E6922DAB2B6D006E472B /* Debug */,
				B833E6932DAB2B6D006E472B /* Release */,
			);
			defaultConfigurationIsVisible = 0;
			defaultConfigurationName = Release;
		};
		B833E6942DAB2B6D006E472B /* Build configuration list for PBXNativeTarget "ConverterApp-iOSUITests" */ = {
			isa = XCConfigurationList;
			buildConfigurations = (
				B833E6952DAB2B6D006E472B /* Debug */,
				B833E6962DAB2B6D006E472B /* Release */,
			);
			defaultConfigurationIsVisible = 0;
			defaultConfigurationName = Release;
		};
/* End XCConfigurationList section */

/* Begin XCRemoteSwiftPackageReference section */
		B80782AA2DB6D35C00B5DF37 /* XCRemoteSwiftPackageReference "SwiftfulLoadingIndicators" */ = {
			isa = XCRemoteSwiftPackageReference;
			repositoryURL = "https://github.com/SwiftfulThinking/SwiftfulLoadingIndicators";
			requirement = {
				kind = upToNextMajorVersion;
				minimumVersion = 0.0.4;
			};
		};
/* End XCRemoteSwiftPackageReference section */

/* Begin XCSwiftPackageProductDependency section */
		B80782AB2DB6D35C00B5DF37 /* SwiftfulLoadingIndicators */ = {
			isa = XCSwiftPackageProductDependency;
			package = B80782AA2DB6D35C00B5DF37 /* XCRemoteSwiftPackageReference "SwiftfulLoadingIndicators" */;
			productName = SwiftfulLoadingIndicators;
		};
/* End XCSwiftPackageProductDependency section */
	};
	rootObject = B833E6622DAB2B6C006E472B /* Project object */;
}
